
Microsoft Visual Studio Solution File, Format Version 12.00
# Visual Studio Version 17
VisualStudioVersion = 17.5.002.0
MinimumVisualStudioVersion = 10.0.40219.1
Project("{9A19103F-16F7-4668-BE54-9A1E7A4F7556}") = "Final work", "Final work.csproj", "{2850DB2C-60FB-4FE7-BA35-15DDC44901D0}"
EndProject
Global
	GlobalSection(SolutionConfigurationPlatforms) = preSolution
		Debug|Any CPU = Debug|Any CPU
		Release|Any CPU = Release|Any CPU
	EndGlobalSection
	GlobalSection(ProjectConfigurationPlatforms) = postSolution
		{2850DB2C-60FB-4FE7-BA35-15DDC44901D0}.Debug|Any CPU.ActiveCfg = Debug|Any CPU
		{2850DB2C-60FB-4FE7-BA35-15DDC44901D0}.Debug|Any CPU.Build.0 = Debug|Any CPU
		{2850DB2C-60FB-4FE7-BA35-15DDC44901D0}.Release|Any CPU.ActiveCfg = Release|Any CPU
		{2850DB2C-60FB-4FE7-BA35-15DDC44901D0}.Release|Any CPU.Build.0 = Release|Any CPU
	EndGlobalSection
	GlobalSection(SolutionProperties) = preSolution
		HideSolutionNode = FALSE
	EndGlobalSection
	GlobalSection(ExtensibilityGlobals) = postSolution
		SolutionGuid = {36B1C530-C518-49B4-A37B-4C036A30B3CA}
	EndGlobalSection
EndGlobal
